
Microsoft Visual Studio Solution File, Format Version 12.00
# Visual Studio 15
VisualStudioVersion = 15.0.27004.2009
MinimumVisualStudioVersion = 10.0.40219.1
Project("{FAE04EC0-301F-11D3-BF4B-00C04F79EFBC}") = "SpeedAndSeparationMonitoring", "SpeedAndSeparationMonitoring\SpeedAndSeparationMonitoring.csproj", "{286ABC6B-26F5-444A-9B92-FF271CDDC7C5}"
EndProject
Project("{FAE04EC0-301F-11D3-BF4B-00C04F79EFBC}") = "SpeedAndSeparationMonitoringTest", "SpeedAndSeparationMonitoringTest\SpeedAndSeparationMonitoringTest.csproj", "{DB7216AC-336C-4B8C-AB60-90FD52D74FBB}"
EndProject
Global
	GlobalSection(SolutionConfigurationPlatforms) = preSolution
		Debug|Any CPU = Debug|Any CPU
		Release|Any CPU = Release|Any CPU
	EndGlobalSection
	GlobalSection(ProjectConfigurationPlatforms) = postSolution
		{286ABC6B-26F5-444A-9B92-FF271CDDC7C5}.Debug|Any CPU.ActiveCfg = Debug|Any CPU
		{286ABC6B-26F5-444A-9B92-FF271CDDC7C5}.Debug|Any CPU.Build.0 = Debug|Any CPU
		{286ABC6B-26F5-444A-9B92-FF271CDDC7C5}.Release|Any CPU.ActiveCfg = Release|Any CPU
		{286ABC6B-26F5-444A-9B92-FF271CDDC7C5}.Release|Any CPU.Build.0 = Release|Any CPU
		{DB7216AC-336C-4B8C-AB60-90FD52D74FBB}.Debug|Any CPU.ActiveCfg = Debug|Any CPU
		{DB7216AC-336C-4B8C-AB60-90FD52D74FBB}.Debug|Any CPU.Build.0 = Debug|Any CPU
		{DB7216AC-336C-4B8C-AB60-90FD52D74FBB}.Release|Any CPU.ActiveCfg = Release|Any CPU
		{DB7216AC-336C-4B8C-AB60-90FD52D74FBB}.Release|Any CPU.Build.0 = Release|Any CPU
	EndGlobalSection
	GlobalSection(SolutionProperties) = preSolution
		HideSolutionNode = FALSE
	EndGlobalSection
	GlobalSection(ExtensibilityGlobals) = postSolution
		SolutionGuid = {DD92E60D-A94B-4373-9C48-F71FD44208A9}
	EndGlobalSection
EndGlobal
